// !$*UTF8*$!
{
	archiveVersion = 1;
	classes = {
	};
	objectVersion = 51;
	objects = {

/* Begin PBXBuildFile section */
		954109CE2669105C00EB396F /* IGFeedPostTableViewCell.swift in Sources */ = {isa = PBXBuildFile; fileRef = 954109CD2669105C00EB396F /* IGFeedPostTableViewCell.swift */; };
		954109D12669121E00EB396F /* IGFeedPostHeaderTableViewCell.swift in Sources */ = {isa = PBXBuildFile; fileRef = 954109D02669121E00EB396F /* IGFeedPostHeaderTableViewCell.swift */; };
		954109D42669123600EB396F /* IGFeedPostActionsTableViewCell.swift in Sources */ = {isa = PBXBuildFile; fileRef = 954109D32669123600EB396F /* IGFeedPostActionsTableViewCell.swift */; };
		954109D72669125100EB396F /* IGFeedPostGeneralTableViewCell.swift in Sources */ = {isa = PBXBuildFile; fileRef = 954109D62669125100EB396F /* IGFeedPostGeneralTableViewCell.swift */; };
		954109DD26693A9A00EB396F /* FormTableViewCell.swift in Sources */ = {isa = PBXBuildFile; fileRef = 954109DC26693A9A00EB396F /* FormTableViewCell.swift */; };
		9544DC30265D54860087FCA2 /* EditProfileViewController.swift in Sources */ = {isa = PBXBuildFile; fileRef = 9544DC2F265D54860087FCA2 /* EditProfileViewController.swift */; };
		9544DC34265D54940087FCA2 /* SettingsViewController.swift in Sources */ = {isa = PBXBuildFile; fileRef = 9544DC33265D54940087FCA2 /* SettingsViewController.swift */; };
		9544DC37265D54A20087FCA2 /* ListViewController.swift in Sources */ = {isa = PBXBuildFile; fileRef = 9544DC36265D54A20087FCA2 /* ListViewController.swift */; };
		9544DC3A265D54CC0087FCA2 /* SearchViewController.swift in Sources */ = {isa = PBXBuildFile; fileRef = 9544DC39265D54CC0087FCA2 /* SearchViewController.swift */; };
		9544DC3D265D54DB0087FCA2 /* SearchResultViewController.swift in Sources */ = {isa = PBXBuildFile; fileRef = 9544DC3C265D54DB0087FCA2 /* SearchResultViewController.swift */; };
		9544DC40265D550D0087FCA2 /* PostEditorViewController.swift in Sources */ = {isa = PBXBuildFile; fileRef = 9544DC3F265D550D0087FCA2 /* PostEditorViewController.swift */; };
		9544DC43265D552B0087FCA2 /* PublishPostViewController.swift in Sources */ = {isa = PBXBuildFile; fileRef = 9544DC42265D552B0087FCA2 /* PublishPostViewController.swift */; };
		9544DC59265D5CCE0087FCA2 /* GoogleService-Info.plist in Resources */ = {isa = PBXBuildFile; fileRef = 9544DC58265D5CCE0087FCA2 /* GoogleService-Info.plist */; };
		9544DC5E265D603E0087FCA2 /* DatabaseManager.swift in Sources */ = {isa = PBXBuildFile; fileRef = 9544DC5D265D603E0087FCA2 /* DatabaseManager.swift */; };
		9544DC61265D61130087FCA2 /* AuthManager.swift in Sources */ = {isa = PBXBuildFile; fileRef = 9544DC60265D61130087FCA2 /* AuthManager.swift */; };
		9544DC64265D61630087FCA2 /* StorageManager.swift in Sources */ = {isa = PBXBuildFile; fileRef = 9544DC63265D61630087FCA2 /* StorageManager.swift */; };
		9544DC7B265E3E960087FCA2 /* Extensions.swift in Sources */ = {isa = PBXBuildFile; fileRef = 9544DC7A265E3E960087FCA2 /* Extensions.swift */; };
		95595547266E343000EC44ED /* PhotoCollectionViewCell.swift in Sources */ = {isa = PBXBuildFile; fileRef = 95595546266E343000EC44ED /* PhotoCollectionViewCell.swift */; };
		9559554B266E347600EC44ED /* ProfileInfoHeaderCollectionReusableView.swift in Sources */ = {isa = PBXBuildFile; fileRef = 9559554A266E347600EC44ED /* ProfileInfoHeaderCollectionReusableView.swift */; };
		9559554E266E34B900EC44ED /* ProfileTabsCollectionReusableView.swift in Sources */ = {isa = PBXBuildFile; fileRef = 9559554D266E34B900EC44ED /* ProfileTabsCollectionReusableView.swift */; };
		95C010E6265D474000AB5B88 /* AppDelegate.swift in Sources */ = {isa = PBXBuildFile; fileRef = 95C010E5265D474000AB5B88 /* AppDelegate.swift */; };
		95C010E8265D474000AB5B88 /* SceneDelegate.swift in Sources */ = {isa = PBXBuildFile; fileRef = 95C010E7265D474000AB5B88 /* SceneDelegate.swift */; };
		95C010EA265D474000AB5B88 /* HomeViewController.swift in Sources */ = {isa = PBXBuildFile; fileRef = 95C010E9265D474000AB5B88 /* HomeViewController.swift */; };
		95C010ED265D474000AB5B88 /* Main.storyboard in Resources */ = {isa = PBXBuildFile; fileRef = 95C010EB265D474000AB5B88 /* Main.storyboard */; };
		95C010EF265D474200AB5B88 /* Assets.xcassets in Resources */ = {isa = PBXBuildFile; fileRef = 95C010EE265D474200AB5B88 /* Assets.xcassets */; };
		95C010F2265D474200AB5B88 /* LaunchScreen.storyboard in Resources */ = {isa = PBXBuildFile; fileRef = 95C010F0265D474200AB5B88 /* LaunchScreen.storyboard */; };
		95C01102265D48AF00AB5B88 /* ExploreViewController.swift in Sources */ = {isa = PBXBuildFile; fileRef = 95C01101265D48AE00AB5B88 /* ExploreViewController.swift */; };
		95C01105265D50AD00AB5B88 /* CameraViewController.swift in Sources */ = {isa = PBXBuildFile; fileRef = 95C01104265D50AD00AB5B88 /* CameraViewController.swift */; };
		95C01111265D518800AB5B88 /* LoginViewController.swift in Sources */ = {isa = PBXBuildFile; fileRef = 95C01110265D518800AB5B88 /* LoginViewController.swift */; };
		95C01116265D51B300AB5B88 /* NotificationsViewController.swift in Sources */ = {isa = PBXBuildFile; fileRef = 95C01115265D51B300AB5B88 /* NotificationsViewController.swift */; };
		95C01122265D52A600AB5B88 /* ProfileViewController.swift in Sources */ = {isa = PBXBuildFile; fileRef = 95C01121265D52A600AB5B88 /* ProfileViewController.swift */; };
		95C01126265D52F000AB5B88 /* RegistrationViewController.swift in Sources */ = {isa = PBXBuildFile; fileRef = 95C01125265D52F000AB5B88 /* RegistrationViewController.swift */; };
		95C01129265D534D00AB5B88 /* PostViewController.swift in Sources */ = {isa = PBXBuildFile; fileRef = 95C01128265D534D00AB5B88 /* PostViewController.swift */; };
		95C016C32680A055007118E8 /* UserFollowTableViewCell.swift in Sources */ = {isa = PBXBuildFile; fileRef = 95C016C22680A055007118E8 /* UserFollowTableViewCell.swift */; };
		95C016C52680ABE7007118E8 /* NoNotificationsView.swift in Sources */ = {isa = PBXBuildFile; fileRef = 95C016C42680ABE7007118E8 /* NoNotificationsView.swift */; };
		95C016C82680AF8A007118E8 /* NotifcationFollowEventTableViewCell.swift in Sources */ = {isa = PBXBuildFile; fileRef = 95C016C72680AF8A007118E8 /* NotifcationFollowEventTableViewCell.swift */; };
		95C016CA2680AFB6007118E8 /* NotificationLikeEventTableViewCell.swift in Sources */ = {isa = PBXBuildFile; fileRef = 95C016C92680AFB6007118E8 /* NotificationLikeEventTableViewCell.swift */; };
		95D16EFA2677991F00C54869 /* Models.swift in Sources */ = {isa = PBXBuildFile; fileRef = 95D16EF92677991F00C54869 /* Models.swift */; };
		E16ADC7E2322F5246A5EB954 /* Pods_Instagram.framework in Frameworks */ = {isa = PBXBuildFile; fileRef = 80397971C5E2B9CE3089DD4B /* Pods_Instagram.framework */; };
/* End PBXBuildFile section */

/* Begin PBXFileReference section */
		57553D45B234FF693DA4DDF1 /* Pods-Instagram.release.xcconfig */ = {isa = PBXFileReference; includeInIndex = 1; lastKnownFileType = text.xcconfig; name = "Pods-Instagram.release.xcconfig"; path = "Target Support Files/Pods-Instagram/Pods-Instagram.release.xcconfig"; sourceTree = "<group>"; };
		80397971C5E2B9CE3089DD4B /* Pods_Instagram.framework */ = {isa = PBXFileReference; explicitFileType = wrapper.framework; includeInIndex = 0; path = Pods_Instagram.framework; sourceTree = BUILT_PRODUCTS_DIR; };
		93312620210F9E98AA4AED3F /* Pods-Instagram.debug.xcconfig */ = {isa = PBXFileReference; includeInIndex = 1; lastKnownFileType = text.xcconfig; name = "Pods-Instagram.debug.xcconfig"; path = "Target Support Files/Pods-Instagram/Pods-Instagram.debug.xcconfig"; sourceTree = "<group>"; };
		954109CD2669105C00EB396F /* IGFeedPostTableViewCell.swift */ = {isa = PBXFileReference; lastKnownFileType = sourcecode.swift; path = IGFeedPostTableViewCell.swift; sourceTree = "<group>"; };
		954109D02669121E00EB396F /* IGFeedPostHeaderTableViewCell.swift */ = {isa = PBXFileReference; lastKnownFileType = sourcecode.swift; path = IGFeedPostHeaderTableViewCell.swift; sourceTree = "<group>"; };
		954109D32669123600EB396F /* IGFeedPostActionsTableViewCell.swift */ = {isa = PBXFileReference; lastKnownFileType = sourcecode.swift; path = IGFeedPostActionsTableViewCell.swift; sourceTree = "<group>"; };
		954109D62669125100EB396F /* IGFeedPostGeneralTableViewCell.swift */ = {isa = PBXFileReference; lastKnownFileType = sourcecode.swift; path = IGFeedPostGeneralTableViewCell.swift; sourceTree = "<group>"; };
		954109DC26693A9A00EB396F /* FormTableViewCell.swift */ = {isa = PBXFileReference; lastKnownFileType = sourcecode.swift; path = FormTableViewCell.swift; sourceTree = "<group>"; };
		9544DC2F265D54860087FCA2 /* EditProfileViewController.swift */ = {isa = PBXFileReference; lastKnownFileType = sourcecode.swift; path = EditProfileViewController.swift; sourceTree = "<group>"; };
		9544DC33265D54940087FCA2 /* SettingsViewController.swift */ = {isa = PBXFileReference; lastKnownFileType = sourcecode.swift; path = SettingsViewController.swift; sourceTree = "<group>"; };
		9544DC36265D54A20087FCA2 /* ListViewController.swift */ = {isa = PBXFileReference; lastKnownFileType = sourcecode.swift; path = ListViewController.swift; sourceTree = "<group>"; };
		9544DC39265D54CC0087FCA2 /* SearchViewController.swift */ = {isa = PBXFileReference; lastKnownFileType = sourcecode.swift; path = SearchViewController.swift; sourceTree = "<group>"; };
		9544DC3C265D54DB0087FCA2 /* SearchResultViewController.swift */ = {isa = PBXFileReference; lastKnownFileType = sourcecode.swift; path = SearchResultViewController.swift; sourceTree = "<group>"; };
		9544DC3F265D550D0087FCA2 /* PostEditorViewController.swift */ = {isa = PBXFileReference; lastKnownFileType = sourcecode.swift; path = PostEditorViewController.swift; sourceTree = "<group>"; };
		9544DC42265D552B0087FCA2 /* PublishPostViewController.swift */ = {isa = PBXFileReference; lastKnownFileType = sourcecode.swift; path = PublishPostViewController.swift; sourceTree = "<group>"; };
		9544DC58265D5CCE0087FCA2 /* GoogleService-Info.plist */ = {isa = PBXFileReference; fileEncoding = 4; lastKnownFileType = text.plist.xml; path = "GoogleService-Info.plist"; sourceTree = "<group>"; };
		9544DC5D265D603E0087FCA2 /* DatabaseManager.swift */ = {isa = PBXFileReference; lastKnownFileType = sourcecode.swift; path = DatabaseManager.swift; sourceTree = "<group>"; };
		9544DC60265D61130087FCA2 /* AuthManager.swift */ = {isa = PBXFileReference; lastKnownFileType = sourcecode.swift; path = AuthManager.swift; sourceTree = "<group>"; };
		9544DC63265D61630087FCA2 /* StorageManager.swift */ = {isa = PBXFileReference; lastKnownFileType = sourcecode.swift; path = StorageManager.swift; sourceTree = "<group>"; };
		9544DC7A265E3E960087FCA2 /* Extensions.swift */ = {isa = PBXFileReference; lastKnownFileType = sourcecode.swift; path = Extensions.swift; sourceTree = "<group>"; };
		95595546266E343000EC44ED /* PhotoCollectionViewCell.swift */ = {isa = PBXFileReference; lastKnownFileType = sourcecode.swift; path = PhotoCollectionViewCell.swift; sourceTree = "<group>"; };
		9559554A266E347600EC44ED /* ProfileInfoHeaderCollectionReusableView.swift */ = {isa = PBXFileReference; lastKnownFileType = sourcecode.swift; path = ProfileInfoHeaderCollectionReusableView.swift; sourceTree = "<group>"; };
		9559554D266E34B900EC44ED /* ProfileTabsCollectionReusableView.swift */ = {isa = PBXFileReference; lastKnownFileType = sourcecode.swift; path = ProfileTabsCollectionReusableView.swift; sourceTree = "<group>"; };
		95C010E2265D474000AB5B88 /* Instagram.app */ = {isa = PBXFileReference; explicitFileType = wrapper.application; includeInIndex = 0; path = Instagram.app; sourceTree = BUILT_PRODUCTS_DIR; };
		95C010E5265D474000AB5B88 /* AppDelegate.swift */ = {isa = PBXFileReference; lastKnownFileType = sourcecode.swift; path = AppDelegate.swift; sourceTree = "<group>"; };
		95C010E7265D474000AB5B88 /* SceneDelegate.swift */ = {isa = PBXFileReference; lastKnownFileType = sourcecode.swift; path = SceneDelegate.swift; sourceTree = "<group>"; };
		95C010E9265D474000AB5B88 /* HomeViewController.swift */ = {isa = PBXFileReference; lastKnownFileType = sourcecode.swift; path = HomeViewController.swift; sourceTree = "<group>"; };
		95C010EC265D474000AB5B88 /* Base */ = {isa = PBXFileReference; lastKnownFileType = file.storyboard; name = Base; path = Base.lproj/Main.storyboard; sourceTree = "<group>"; };
		95C010EE265D474200AB5B88 /* Assets.xcassets */ = {isa = PBXFileReference; lastKnownFileType = folder.assetcatalog; path = Assets.xcassets; sourceTree = "<group>"; };
		95C010F1265D474200AB5B88 /* Base */ = {isa = PBXFileReference; lastKnownFileType = file.storyboard; name = Base; path = Base.lproj/LaunchScreen.storyboard; sourceTree = "<group>"; };
		95C010F3265D474200AB5B88 /* Info.plist */ = {isa = PBXFileReference; lastKnownFileType = text.plist.xml; path = Info.plist; sourceTree = "<group>"; };
		95C01101265D48AE00AB5B88 /* ExploreViewController.swift */ = {isa = PBXFileReference; lastKnownFileType = sourcecode.swift; path = ExploreViewController.swift; sourceTree = "<group>"; };
		95C01104265D50AD00AB5B88 /* CameraViewController.swift */ = {isa = PBXFileReference; lastKnownFileType = sourcecode.swift; path = CameraViewController.swift; sourceTree = "<group>"; };
		95C01110265D518800AB5B88 /* LoginViewController.swift */ = {isa = PBXFileReference; lastKnownFileType = sourcecode.swift; path = LoginViewController.swift; sourceTree = "<group>"; };
		95C01115265D51B300AB5B88 /* NotificationsViewController.swift */ = {isa = PBXFileReference; lastKnownFileType = sourcecode.swift; path = NotificationsViewController.swift; sourceTree = "<group>"; };
		95C01121265D52A600AB5B88 /* ProfileViewController.swift */ = {isa = PBXFileReference; lastKnownFileType = sourcecode.swift; path = ProfileViewController.swift; sourceTree = "<group>"; };
		95C01125265D52F000AB5B88 /* RegistrationViewController.swift */ = {isa = PBXFileReference; lastKnownFileType = sourcecode.swift; path = RegistrationViewController.swift; sourceTree = "<group>"; };
		95C01128265D534D00AB5B88 /* PostViewController.swift */ = {isa = PBXFileReference; lastKnownFileType = sourcecode.swift; path = PostViewController.swift; sourceTree = "<group>"; };
		95C016C22680A055007118E8 /* UserFollowTableViewCell.swift */ = {isa = PBXFileReference; lastKnownFileType = sourcecode.swift; path = UserFollowTableViewCell.swift; sourceTree = "<group>"; };
		95C016C42680ABE7007118E8 /* NoNotificationsView.swift */ = {isa = PBXFileReference; lastKnownFileType = sourcecode.swift; path = NoNotificationsView.swift; sourceTree = "<group>"; };
		95C016C72680AF8A007118E8 /* NotifcationFollowEventTableViewCell.swift */ = {isa = PBXFileReference; lastKnownFileType = sourcecode.swift; path = NotifcationFollowEventTableViewCell.swift; sourceTree = "<group>"; };
		95C016C92680AFB6007118E8 /* NotificationLikeEventTableViewCell.swift */ = {isa = PBXFileReference; lastKnownFileType = sourcecode.swift; path = NotificationLikeEventTableViewCell.swift; sourceTree = "<group>"; };
		95D16EF92677991F00C54869 /* Models.swift */ = {isa = PBXFileReference; lastKnownFileType = sourcecode.swift; path = Models.swift; sourceTree = "<group>"; };
/* End PBXFileReference section */

/* Begin PBXFrameworksBuildPhase section */
		95C010DF265D474000AB5B88 /* Frameworks */ = {
			isa = PBXFrameworksBuildPhase;
			buildActionMask = 2147483647;
			files = (
				E16ADC7E2322F5246A5EB954 /* Pods_Instagram.framework in Frameworks */,
			);
			runOnlyForDeploymentPostprocessing = 0;
		};
/* End PBXFrameworksBuildPhase section */

/* Begin PBXGroup section */
		37270CC3E6DE038470DC39CC /* Frameworks */ = {
			isa = PBXGroup;
			children = (
				80397971C5E2B9CE3089DD4B /* Pods_Instagram.framework */,
			);
			name = Frameworks;
			sourceTree = "<group>";
		};
		954109CC2669103600EB396F /* Cells */ = {
			isa = PBXGroup;
			children = (
				95C016C62680AF61007118E8 /* Notifications */,
				954109D926693A7000EB396F /* Home Feed */,
				954109DC26693A9A00EB396F /* FormTableViewCell.swift */,
				95595546266E343000EC44ED /* PhotoCollectionViewCell.swift */,
				95C016C22680A055007118E8 /* UserFollowTableViewCell.swift */,
			);
			path = Cells;
			sourceTree = "<group>";
		};
		954109D926693A7000EB396F /* Home Feed */ = {
			isa = PBXGroup;
			children = (
				954109CD2669105C00EB396F /* IGFeedPostTableViewCell.swift */,
				954109D02669121E00EB396F /* IGFeedPostHeaderTableViewCell.swift */,
				954109D32669123600EB396F /* IGFeedPostActionsTableViewCell.swift */,
				954109D62669125100EB396F /* IGFeedPostGeneralTableViewCell.swift */,
			);
			path = "Home Feed";
			sourceTree = "<group>";
		};
		9544DC2E265D546B0087FCA2 /* Onboarding */ = {
			isa = PBXGroup;
			children = (
				95C01110265D518800AB5B88 /* LoginViewController.swift */,
				95C01125265D52F000AB5B88 /* RegistrationViewController.swift */,
			);
			path = Onboarding;
			sourceTree = "<group>";
		};
		9544DC5B265D5F770087FCA2 /* General */ = {
			isa = PBXGroup;
			children = (
				95C01128265D534D00AB5B88 /* PostViewController.swift */,
				9544DC2F265D54860087FCA2 /* EditProfileViewController.swift */,
				9544DC33265D54940087FCA2 /* SettingsViewController.swift */,
				9544DC36265D54A20087FCA2 /* ListViewController.swift */,
				9544DC39265D54CC0087FCA2 /* SearchViewController.swift */,
				9544DC3C265D54DB0087FCA2 /* SearchResultViewController.swift */,
				9544DC3F265D550D0087FCA2 /* PostEditorViewController.swift */,
				9544DC42265D552B0087FCA2 /* PublishPostViewController.swift */,
			);
			path = General;
			sourceTree = "<group>";
		};
		95595545266E33FD00EC44ED /* CollectionView Headers */ = {
			isa = PBXGroup;
			children = (
				9559554A266E347600EC44ED /* ProfileInfoHeaderCollectionReusableView.swift */,
				9559554D266E34B900EC44ED /* ProfileTabsCollectionReusableView.swift */,
			);
			path = "CollectionView Headers";
			sourceTree = "<group>";
		};
		95C010D9265D474000AB5B88 = {
			isa = PBXGroup;
			children = (
				95C010E4265D474000AB5B88 /* Instagram */,
				95C010E3265D474000AB5B88 /* Products */,
				9D0FC19D67E013F28AE6F64D /* Pods */,
				37270CC3E6DE038470DC39CC /* Frameworks */,
			);
			sourceTree = "<group>";
		};
		95C010E3265D474000AB5B88 /* Products */ = {
			isa = PBXGroup;
			children = (
				95C010E2265D474000AB5B88 /* Instagram.app */,
			);
			name = Products;
			sourceTree = "<group>";
		};
		95C010E4265D474000AB5B88 /* Instagram */ = {
			isa = PBXGroup;
			children = (
				95C010FE265D47AA00AB5B88 /* Resources */,
				95C010FD265D47A300AB5B88 /* Models */,
				95C010FC265D479C00AB5B88 /* Views */,
				95C010FB265D479200AB5B88 /* Controllers */,
				95C010F3265D474200AB5B88 /* Info.plist */,
			);
			path = Instagram;
			sourceTree = "<group>";
		};
		95C010FB265D479200AB5B88 /* Controllers */ = {
			isa = PBXGroup;
			children = (
				95C0110F265D516D00AB5B88 /* Others */,
				9544DC5B265D5F770087FCA2 /* General */,
				95C0110D265D50E000AB5B88 /* Core Tabs */,
			);
			path = Controllers;
			sourceTree = "<group>";
		};
		95C010FC265D479C00AB5B88 /* Views */ = {
			isa = PBXGroup;
			children = (
				95595545266E33FD00EC44ED /* CollectionView Headers */,
				954109CC2669103600EB396F /* Cells */,
				95C010EE265D474200AB5B88 /* Assets.xcassets */,
				95C010FF265D47F300AB5B88 /* Storyboards */,
				95C016C42680ABE7007118E8 /* NoNotificationsView.swift */,
			);
			path = Views;
			sourceTree = "<group>";
		};
		95C010FD265D47A300AB5B88 /* Models */ = {
			isa = PBXGroup;
			children = (
				95D16EF92677991F00C54869 /* Models.swift */,
			);
			path = Models;
			sourceTree = "<group>";
		};
		95C010FE265D47AA00AB5B88 /* Resources */ = {
			isa = PBXGroup;
			children = (
				9544DC58265D5CCE0087FCA2 /* GoogleService-Info.plist */,
				95C010E5265D474000AB5B88 /* AppDelegate.swift */,
				95C010E7265D474000AB5B88 /* SceneDelegate.swift */,
				9544DC5D265D603E0087FCA2 /* DatabaseManager.swift */,
				9544DC60265D61130087FCA2 /* AuthManager.swift */,
				9544DC63265D61630087FCA2 /* StorageManager.swift */,
				9544DC7A265E3E960087FCA2 /* Extensions.swift */,
			);
			path = Resources;
			sourceTree = "<group>";
		};
		95C010FF265D47F300AB5B88 /* Storyboards */ = {
			isa = PBXGroup;
			children = (
				95C010EB265D474000AB5B88 /* Main.storyboard */,
				95C010F0265D474200AB5B88 /* LaunchScreen.storyboard */,
			);
			path = Storyboards;
			sourceTree = "<group>";
		};
		95C0110D265D50E000AB5B88 /* Core Tabs */ = {
			isa = PBXGroup;
			children = (
				95C010E9265D474000AB5B88 /* HomeViewController.swift */,
				95C01101265D48AE00AB5B88 /* ExploreViewController.swift */,
				95C01104265D50AD00AB5B88 /* CameraViewController.swift */,
				95C01115265D51B300AB5B88 /* NotificationsViewController.swift */,
				95C01121265D52A600AB5B88 /* ProfileViewController.swift */,
			);
			path = "Core Tabs";
			sourceTree = "<group>";
		};
		95C0110F265D516D00AB5B88 /* Others */ = {
			isa = PBXGroup;
			children = (
				9544DC2E265D546B0087FCA2 /* Onboarding */,
			);
			path = Others;
			sourceTree = "<group>";
		};
		95C016C62680AF61007118E8 /* Notifications */ = {
			isa = PBXGroup;
			children = (
				95C016C72680AF8A007118E8 /* NotifcationFollowEventTableViewCell.swift */,
				95C016C92680AFB6007118E8 /* NotificationLikeEventTableViewCell.swift */,
			);
			path = Notifications;
			sourceTree = "<group>";
		};
		9D0FC19D67E013F28AE6F64D /* Pods */ = {
			isa = PBXGroup;
			children = (
				93312620210F9E98AA4AED3F /* Pods-Instagram.debug.xcconfig */,
				57553D45B234FF693DA4DDF1 /* Pods-Instagram.release.xcconfig */,
			);
			path = Pods;
			sourceTree = "<group>";
		};
/* End PBXGroup section */

/* Begin PBXNativeTarget section */
		95C010E1265D474000AB5B88 /* Instagram */ = {
			isa = PBXNativeTarget;
			buildConfigurationList = 95C010F6265D474200AB5B88 /* Build configuration list for PBXNativeTarget "Instagram" */;
			buildPhases = (
				414BBFDF555FDD4390A34DB8 /* [CP] Check Pods Manifest.lock */,
				95C010DE265D474000AB5B88 /* Sources */,
				95C010DF265D474000AB5B88 /* Frameworks */,
				95C010E0265D474000AB5B88 /* Resources */,
				3C9E1D1AA41E617EAC7E6E09 /* [CP] Embed Pods Frameworks */,
			);
			buildRules = (
			);
			dependencies = (
			);
			name = Instagram;
			productName = Instagram;
			productReference = 95C010E2265D474000AB5B88 /* Instagram.app */;
			productType = "com.apple.product-type.application";
		};
/* End PBXNativeTarget section */

/* Begin PBXProject section */
		95C010DA265D474000AB5B88 /* Project object */ = {
			isa = PBXProject;
			attributes = {
				LastSwiftUpdateCheck = 1240;
				LastUpgradeCheck = 1240;
				TargetAttributes = {
					95C010E1265D474000AB5B88 = {
						CreatedOnToolsVersion = 12.4;
					};
				};
			};
			buildConfigurationList = 95C010DD265D474000AB5B88 /* Build configuration list for PBXProject "Instagram" */;
			compatibilityVersion = "Xcode 9.3";
			developmentRegion = en;
			hasScannedForEncodings = 0;
			knownRegions = (
				en,
				Base,
			);
			mainGroup = 95C010D9265D474000AB5B88;
			productRefGroup = 95C010E3265D474000AB5B88 /* Products */;
			projectDirPath = "";
			projectRoot = "";
			targets = (
				95C010E1265D474000AB5B88 /* Instagram */,
			);
		};
/* End PBXProject section */

/* Begin PBXResourcesBuildPhase section */
		95C010E0265D474000AB5B88 /* Resources */ = {
			isa = PBXResourcesBuildPhase;
			buildActionMask = 2147483647;
			files = (
				95C010F2265D474200AB5B88 /* LaunchScreen.storyboard in Resources */,
				9544DC59265D5CCE0087FCA2 /* GoogleService-Info.plist in Resources */,
				95C010EF265D474200AB5B88 /* Assets.xcassets in Resources */,
				95C010ED265D474000AB5B88 /* Main.storyboard in Resources */,
			);
			runOnlyForDeploymentPostprocessing = 0;
		};
/* End PBXResourcesBuildPhase section */

/* Begin PBXShellScriptBuildPhase section */
		3C9E1D1AA41E617EAC7E6E09 /* [CP] Embed Pods Frameworks */ = {
			isa = PBXShellScriptBuildPhase;
			buildActionMask = 2147483647;
			files = (
			);
			inputFileListPaths = (
				"${PODS_ROOT}/Target Support Files/Pods-Instagram/Pods-Instagram-frameworks-${CONFIGURATION}-input-files.xcfilelist",
			);
			name = "[CP] Embed Pods Frameworks";
			outputFileListPaths = (
				"${PODS_ROOT}/Target Support Files/Pods-Instagram/Pods-Instagram-frameworks-${CONFIGURATION}-output-files.xcfilelist",
			);
			runOnlyForDeploymentPostprocessing = 0;
			shellPath = /bin/sh;
			shellScript = "\"${PODS_ROOT}/Target Support Files/Pods-Instagram/Pods-Instagram-frameworks.sh\"\n";
			showEnvVarsInLog = 0;
		};
		414BBFDF555FDD4390A34DB8 /* [CP] Check Pods Manifest.lock */ = {
			isa = PBXShellScriptBuildPhase;
			buildActionMask = 2147483647;
			files = (
			);
			inputFileListPaths = (
			);
			inputPaths = (
				"${PODS_PODFILE_DIR_PATH}/Podfile.lock",
				"${PODS_ROOT}/Manifest.lock",
			);
			name = "[CP] Check Pods Manifest.lock";
			outputFileListPaths = (
			);
			outputPaths = (
				"$(DERIVED_FILE_DIR)/Pods-Instagram-checkManifestLockResult.txt",
			);
			runOnlyForDeploymentPostprocessing = 0;
			shellPath = /bin/sh;
			shellScript = "diff \"${PODS_PODFILE_DIR_PATH}/Podfile.lock\" \"${PODS_ROOT}/Manifest.lock\" > /dev/null\nif [ $? != 0 ] ; then\n    # print error to STDERR\n    echo \"error: The sandbox is not in sync with the Podfile.lock. Run 'pod install' or update your CocoaPods installation.\" >&2\n    exit 1\nfi\n# This output is used by Xcode 'outputs' to avoid re-running this script phase.\necho \"SUCCESS\" > \"${SCRIPT_OUTPUT_FILE_0}\"\n";
			showEnvVarsInLog = 0;
		};
/* End PBXShellScriptBuildPhase section */

/* Begin PBXSourcesBuildPhase section */
		95C010DE265D474000AB5B88 /* Sources */ = {
			isa = PBXSourcesBuildPhase;
			buildActionMask = 2147483647;
			files = (
				9544DC30265D54860087FCA2 /* EditProfileViewController.swift in Sources */,
				95C01102265D48AF00AB5B88 /* ExploreViewController.swift in Sources */,
				9544DC43265D552B0087FCA2 /* PublishPostViewController.swift in Sources */,
				95C01105265D50AD00AB5B88 /* CameraViewController.swift in Sources */,
				95C010EA265D474000AB5B88 /* HomeViewController.swift in Sources */,
				95C01126265D52F000AB5B88 /* RegistrationViewController.swift in Sources */,
				95C016C82680AF8A007118E8 /* NotifcationFollowEventTableViewCell.swift in Sources */,
				95C016C52680ABE7007118E8 /* NoNotificationsView.swift in Sources */,
				954109D12669121E00EB396F /* IGFeedPostHeaderTableViewCell.swift in Sources */,
				9544DC40265D550D0087FCA2 /* PostEditorViewController.swift in Sources */,
				9544DC64265D61630087FCA2 /* StorageManager.swift in Sources */,
				95C016C32680A055007118E8 /* UserFollowTableViewCell.swift in Sources */,
				95D16EFA2677991F00C54869 /* Models.swift in Sources */,
				954109DD26693A9A00EB396F /* FormTableViewCell.swift in Sources */,
				95C01129265D534D00AB5B88 /* PostViewController.swift in Sources */,
				9559554E266E34B900EC44ED /* ProfileTabsCollectionReusableView.swift in Sources */,
				9544DC5E265D603E0087FCA2 /* DatabaseManager.swift in Sources */,
				95C01111265D518800AB5B88 /* LoginViewController.swift in Sources */,
				954109CE2669105C00EB396F /* IGFeedPostTableViewCell.swift in Sources */,
				95595547266E343000EC44ED /* PhotoCollectionViewCell.swift in Sources */,
				9544DC3D265D54DB0087FCA2 /* SearchResultViewController.swift in Sources */,
				95C010E6265D474000AB5B88 /* AppDelegate.swift in Sources */,
				9544DC7B265E3E960087FCA2 /* Extensions.swift in Sources */,
				954109D72669125100EB396F /* IGFeedPostGeneralTableViewCell.swift in Sources */,
				95C016CA2680AFB6007118E8 /* NotificationLikeEventTableViewCell.swift in Sources */,
				9544DC3A265D54CC0087FCA2 /* SearchViewController.swift in Sources */,
				9559554B266E347600EC44ED /* ProfileInfoHeaderCollectionReusableView.swift in Sources */,
				95C01116265D51B300AB5B88 /* NotificationsViewController.swift in Sources */,
				9544DC61265D61130087FCA2 /* AuthManager.swift in Sources */,
				95C01122265D52A600AB5B88 /* ProfileViewController.swift in Sources */,
				95C010E8265D474000AB5B88 /* SceneDelegate.swift in Sources */,
				954109D42669123600EB396F /* IGFeedPostActionsTableViewCell.swift in Sources */,
				9544DC37265D54A20087FCA2 /* ListViewController.swift in Sources */,
				9544DC34265D54940087FCA2 /* SettingsViewController.swift in Sources */,
			);
			runOnlyForDeploymentPostprocessing = 0;
		};
/* End PBXSourcesBuildPhase section */

/* Begin PBXVariantGroup section */
		95C010EB265D474000AB5B88 /* Main.storyboard */ = {
			isa = PBXVariantGroup;
			children = (
				95C010EC265D474000AB5B88 /* Base */,
			);
			name = Main.storyboard;
			sourceTree = "<group>";
		};
		95C010F0265D474200AB5B88 /* LaunchScreen.storyboard */ = {
			isa = PBXVariantGroup;
			children = (
				95C010F1265D474200AB5B88 /* Base */,
			);
			name = LaunchScreen.storyboard;
			sourceTree = "<group>";
		};
/* End PBXVariantGroup section */

/* Begin XCBuildConfiguration section */
		95C010F4265D474200AB5B88 /* Debug */ = {
			isa = XCBuildConfiguration;
			buildSettings = {
				ALWAYS_SEARCH_USER_PATHS = NO;
				CLANG_ANALYZER_NONNULL = YES;
				CLANG_ANALYZER_NUMBER_OBJECT_CONVERSION = YES_AGGRESSIVE;
				CLANG_CXX_LANGUAGE_STANDARD = "gnu++14";
				CLANG_CXX_LIBRARY = "libc++";
				CLANG_ENABLE_MODULES = YES;
				CLANG_ENABLE_OBJC_ARC = YES;
				CLANG_ENABLE_OBJC_WEAK = YES;
				CLANG_WARN_BLOCK_CAPTURE_AUTORELEASING = YES;
				CLANG_WARN_BOOL_CONVERSION = YES;
				CLANG_WARN_COMMA = YES;
				CLANG_WARN_CONSTANT_CONVERSION = YES;
				CLANG_WARN_DEPRECATED_OBJC_IMPLEMENTATIONS = YES;
				CLANG_WARN_DIRECT_OBJC_ISA_USAGE = YES_ERROR;
				CLANG_WARN_DOCUMENTATION_COMMENTS = YES;
				CLANG_WARN_EMPTY_BODY = YES;
				CLANG_WARN_ENUM_CONVERSION = YES;
				CLANG_WARN_INFINITE_RECURSION = YES;
				CLANG_WARN_INT_CONVERSION = YES;
				CLANG_WARN_NON_LITERAL_NULL_CONVERSION = YES;
				CLANG_WARN_OBJC_IMPLICIT_RETAIN_SELF = YES;
				CLANG_WARN_OBJC_LITERAL_CONVERSION = YES;
				CLANG_WARN_OBJC_ROOT_CLASS = YES_ERROR;
				CLANG_WARN_QUOTED_INCLUDE_IN_FRAMEWORK_HEADER = YES;
				CLANG_WARN_RANGE_LOOP_ANALYSIS = YES;
				CLANG_WARN_STRICT_PROTOTYPES = YES;
				CLANG_WARN_SUSPICIOUS_MOVE = YES;
				CLANG_WARN_UNGUARDED_AVAILABILITY = YES_AGGRESSIVE;
				CLANG_WARN_UNREACHABLE_CODE = YES;
				CLANG_WARN__DUPLICATE_METHOD_MATCH = YES;
				COPY_PHASE_STRIP = NO;
				DEBUG_INFORMATION_FORMAT = dwarf;
				ENABLE_STRICT_OBJC_MSGSEND = YES;
				ENABLE_TESTABILITY = YES;
				GCC_C_LANGUAGE_STANDARD = gnu11;
				GCC_DYNAMIC_NO_PIC = NO;
				GCC_NO_COMMON_BLOCKS = YES;
				GCC_OPTIMIZATION_LEVEL = 0;
				GCC_PREPROCESSOR_DEFINITIONS = (
					"DEBUG=1",
					"$(inherited)",
				);
				GCC_WARN_64_TO_32_BIT_CONVERSION = YES;
				GCC_WARN_ABOUT_RETURN_TYPE = YES_ERROR;
				GCC_WARN_UNDECLARED_SELECTOR = YES;
				GCC_WARN_UNINITIALIZED_AUTOS = YES_AGGRESSIVE;
				GCC_WARN_UNUSED_FUNCTION = YES;
				GCC_WARN_UNUSED_VARIABLE = YES;
				IPHONEOS_DEPLOYMENT_TARGET = 14.4;
				MTL_ENABLE_DEBUG_INFO = INCLUDE_SOURCE;
				MTL_FAST_MATH = YES;
				ONLY_ACTIVE_ARCH = YES;
				SDKROOT = iphoneos;
				SWIFT_ACTIVE_COMPILATION_CONDITIONS = DEBUG;
				SWIFT_OPTIMIZATION_LEVEL = "-Onone";
			};
			name = Debug;
		};
		95C010F5265D474200AB5B88 /* Release */ = {
			isa = XCBuildConfiguration;
			buildSettings = {
				ALWAYS_SEARCH_USER_PATHS = NO;
				CLANG_ANALYZER_NONNULL = YES;
				CLANG_ANALYZER_NUMBER_OBJECT_CONVERSION = YES_AGGRESSIVE;
				CLANG_CXX_LANGUAGE_STANDARD = "gnu++14";
				CLANG_CXX_LIBRARY = "libc++";
				CLANG_ENABLE_MODULES = YES;
				CLANG_ENABLE_OBJC_ARC = YES;
				CLANG_ENABLE_OBJC_WEAK = YES;
				CLANG_WARN_BLOCK_CAPTURE_AUTORELEASING = YES;
				CLANG_WARN_BOOL_CONVERSION = YES;
				CLANG_WARN_COMMA = YES;
				CLANG_WARN_CONSTANT_CONVERSION = YES;
				CLANG_WARN_DEPRECATED_OBJC_IMPLEMENTATIONS = YES;
				CLANG_WARN_DIRECT_OBJC_ISA_USAGE = YES_ERROR;
				CLANG_WARN_DOCUMENTATION_COMMENTS = YES;
				CLANG_WARN_EMPTY_BODY = YES;
				CLANG_WARN_ENUM_CONVERSION = YES;
				CLANG_WARN_INFINITE_RECURSION = YES;
				CLANG_WARN_INT_CONVERSION = YES;
				CLANG_WARN_NON_LITERAL_NULL_CONVERSION = YES;
				CLANG_WARN_OBJC_IMPLICIT_RETAIN_SELF = YES;
				CLANG_WARN_OBJC_LITERAL_CONVERSION = YES;
				CLANG_WARN_OBJC_ROOT_CLASS = YES_ERROR;
				CLANG_WARN_QUOTED_INCLUDE_IN_FRAMEWORK_HEADER = YES;
				CLANG_WARN_RANGE_LOOP_ANALYSIS = YES;
				CLANG_WARN_STRICT_PROTOTYPES = YES;
				CLANG_WARN_SUSPICIOUS_MOVE = YES;
				CLANG_WARN_UNGUARDED_AVAILABILITY = YES_AGGRESSIVE;
				CLANG_WARN_UNREACHABLE_CODE = YES;
				CLANG_WARN__DUPLICATE_METHOD_MATCH = YES;
				COPY_PHASE_STRIP = NO;
				DEBUG_INFORMATION_FORMAT = "dwarf-with-dsym";
				ENABLE_NS_ASSERTIONS = NO;
				ENABLE_STRICT_OBJC_MSGSEND = YES;
				GCC_C_LANGUAGE_STANDARD = gnu11;
				GCC_NO_COMMON_BLOCKS = YES;
				GCC_WARN_64_TO_32_BIT_CONVERSION = YES;
				GCC_WARN_ABOUT_RETURN_TYPE = YES_ERROR;
				GCC_WARN_UNDECLARED_SELECTOR = YES;
				GCC_WARN_UNINITIALIZED_AUTOS = YES_AGGRESSIVE;
				GCC_WARN_UNUSED_FUNCTION = YES;
				GCC_WARN_UNUSED_VARIABLE = YES;
				IPHONEOS_DEPLOYMENT_TARGET = 14.4;
				MTL_ENABLE_DEBUG_INFO = NO;
				MTL_FAST_MATH = YES;
				SDKROOT = iphoneos;
				SWIFT_COMPILATION_MODE = wholemodule;
				SWIFT_OPTIMIZATION_LEVEL = "-O";
				VALIDATE_PRODUCT = YES;
			};
			name = Release;
		};
		95C010F7265D474200AB5B88 /* Debug */ = {
			isa = XCBuildConfiguration;
			baseConfigurationReference = 93312620210F9E98AA4AED3F /* Pods-Instagram.debug.xcconfig */;
			buildSettings = {
				ASSETCATALOG_COMPILER_APPICON_NAME = AppIcon;
				ASSETCATALOG_COMPILER_GLOBAL_ACCENT_COLOR_NAME = AccentColor;
				CODE_SIGN_STYLE = Automatic;
				DEVELOPMENT_TEAM = F27HQ4FLX4;
				INFOPLIST_FILE = Instagram/Info.plist;
				LD_RUNPATH_SEARCH_PATHS = (
					"$(inherited)",
					"@executable_path/Frameworks",
				);
				PRODUCT_BUNDLE_IDENTIFIER = com.charlienguyen.Instagram;
				PRODUCT_NAME = "$(TARGET_NAME)";
				SWIFT_VERSION = 5.0;
				TARGETED_DEVICE_FAMILY = "1,2";
			};
			name = Debug;
		};
		95C010F8265D474200AB5B88 /* Release */ = {
			isa = XCBuildConfiguration;
			baseConfigurationReference = 57553D45B234FF693DA4DDF1 /* Pods-Instagram.release.xcconfig */;
			buildSettings = {
				ASSETCATALOG_COMPILER_APPICON_NAME = AppIcon;
				ASSETCATALOG_COMPILER_GLOBAL_ACCENT_COLOR_NAME = AccentColor;
				CODE_SIGN_STYLE = Automatic;
				DEVELOPMENT_TEAM = F27HQ4FLX4;
				INFOPLIST_FILE = Instagram/Info.plist;
				LD_RUNPATH_SEARCH_PATHS = (
					"$(inherited)",
					"@executable_path/Frameworks",
				);
				PRODUCT_BUNDLE_IDENTIFIER = com.charlienguyen.Instagram;
				PRODUCT_NAME = "$(TARGET_NAME)";
				SWIFT_VERSION = 5.0;
				TARGETED_DEVICE_FAMILY = "1,2";
			};
			name = Release;
		};
/* End XCBuildConfiguration section */

/* Begin XCConfigurationList section */
		95C010DD265D474000AB5B88 /* Build configuration list for PBXProject "Instagram" */ = {
			isa = XCConfigurationList;
			buildConfigurations = (
				95C010F4265D474200AB5B88 /* Debug */,
				95C010F5265D474200AB5B88 /* Release */,
			);
			defaultConfigurationIsVisible = 0;
			defaultConfigurationName = Release;
		};
		95C010F6265D474200AB5B88 /* Build configuration list for PBXNativeTarget "Instagram" */ = {
			isa = XCConfigurationList;
			buildConfigurations = (
				95C010F7265D474200AB5B88 /* Debug */,
				95C010F8265D474200AB5B88 /* Release */,
			);
			defaultConfigurationIsVisible = 0;
			defaultConfigurationName = Release;
		};
/* End XCConfigurationList section */
	};
	rootObject = 95C010DA265D474000AB5B88 /* Project object */;
}
